
Microsoft Visual Studio Solution File, Format Version 12.00
# Visual Studio Version 17
VisualStudioVersion = 17.11.35222.181
MinimumVisualStudioVersion = 10.0.40219.1
Project("{8BC9CEB8-8B4A-11D0-8D11-00A0C91BC942}") = "pr_08_1_string", "pr_08_1_string\pr_08_1_string.vcxproj", "{79A19918-C9E9-4F59-AA13-E83894C0772D}"
EndProject
Project("{8BC9CEB8-8B4A-11D0-8D11-00A0C91BC942}") = "UnitTest", "UnitTest\UnitTest.vcxproj", "{A3F9E54B-724F-40F0-B25B-3CA00DA929E5}"
EndProject
Global
	GlobalSection(SolutionConfigurationPlatforms) = preSolution
		Debug|x64 = Debug|x64
		Debug|x86 = Debug|x86
		Release|x64 = Release|x64
		Release|x86 = Release|x86
	EndGlobalSection
	GlobalSection(ProjectConfigurationPlatforms) = postSolution
		{79A19918-C9E9-4F59-AA13-E83894C0772D}.Debug|x64.ActiveCfg = Debug|x64
		{79A19918-C9E9-4F59-AA13-E83894C0772D}.Debug|x64.Build.0 = Debug|x64
		{79A19918-C9E9-4F59-AA13-E83894C0772D}.Debug|x86.ActiveCfg = Debug|Win32
		{79A19918-C9E9-4F59-AA13-E83894C0772D}.Debug|x86.Build.0 = Debug|Win32
		{79A19918-C9E9-4F59-AA13-E83894C0772D}.Release|x64.ActiveCfg = Release|x64
		{79A19918-C9E9-4F59-AA13-E83894C0772D}.Release|x64.Build.0 = Release|x64
		{79A19918-C9E9-4F59-AA13-E83894C0772D}.Release|x86.ActiveCfg = Release|Win32
		{79A19918-C9E9-4F59-AA13-E83894C0772D}.Release|x86.Build.0 = Release|Win32
		{A3F9E54B-724F-40F0-B25B-3CA00DA929E5}.Debug|x64.ActiveCfg = Debug|x64
		{A3F9E54B-724F-40F0-B25B-3CA00DA929E5}.Debug|x64.Build.0 = Debug|x64
		{A3F9E54B-724F-40F0-B25B-3CA00DA929E5}.Debug|x86.ActiveCfg = Debug|Win32
		{A3F9E54B-724F-40F0-B25B-3CA00DA929E5}.Debug|x86.Build.0 = Debug|Win32
		{A3F9E54B-724F-40F0-B25B-3CA00DA929E5}.Release|x64.ActiveCfg = Release|x64
		{A3F9E54B-724F-40F0-B25B-3CA00DA929E5}.Release|x64.Build.0 = Release|x64
		{A3F9E54B-724F-40F0-B25B-3CA00DA929E5}.Release|x86.ActiveCfg = Release|Win32
		{A3F9E54B-724F-40F0-B25B-3CA00DA929E5}.Release|x86.Build.0 = Release|Win32
	EndGlobalSection
	GlobalSection(SolutionProperties) = preSolution
		HideSolutionNode = FALSE
	EndGlobalSection
	GlobalSection(ExtensibilityGlobals) = postSolution
		SolutionGuid = {170E2D5B-EA10-488E-9512-936A09D5F2F2}
	EndGlobalSection
EndGlobal
